// !$*UTF8*$!
{
	archiveVersion = 1;
	classes = {
	};
	objectVersion = 50;
	objects = {

/* Begin PBXBuildFile section */
		542724E524D6A5F8006914CA /* AppDelegate.swift in Sources */ = {isa = PBXBuildFile; fileRef = 542724E424D6A5F8006914CA /* AppDelegate.swift */; };
		542724E724D6A5F8006914CA /* SceneDelegate.swift in Sources */ = {isa = PBXBuildFile; fileRef = 542724E624D6A5F8006914CA /* SceneDelegate.swift */; };
		542724E924D6A5F8006914CA /* ContentView.swift in Sources */ = {isa = PBXBuildFile; fileRef = 542724E824D6A5F8006914CA /* ContentView.swift */; };
		542724EB24D6A5F9006914CA /* Assets.xcassets in Resources */ = {isa = PBXBuildFile; fileRef = 542724EA24D6A5F9006914CA /* Assets.xcassets */; };
		542724EE24D6A5F9006914CA /* Preview Assets.xcassets in Resources */ = {isa = PBXBuildFile; fileRef = 542724ED24D6A5F9006914CA /* Preview Assets.xcassets */; };
		542724F124D6A5F9006914CA /* LaunchScreen.storyboard in Resources */ = {isa = PBXBuildFile; fileRef = 542724EF24D6A5F9006914CA /* LaunchScreen.storyboard */; };
		542724FC24D6A5FA006914CA /* ios_project_templateTests.swift in Sources */ = {isa = PBXBuildFile; fileRef = 542724FB24D6A5FA006914CA /* ios_project_templateTests.swift */; };
/* End PBXBuildFile section */

/* Begin PBXContainerItemProxy section */
		542724F824D6A5FA006914CA /* PBXContainerItemProxy */ = {
			isa = PBXContainerItemProxy;
			containerPortal = 542724D924D6A5F8006914CA /* Project object */;
			proxyType = 1;
			remoteGlobalIDString = 542724E024D6A5F8006914CA;
			remoteInfo = ios_project_template;
		};
/* End PBXContainerItemProxy section */

/* Begin PBXFileReference section */
		542724E124D6A5F8006914CA /* ios_project_template.app */ = {isa = PBXFileReference; explicitFileType = wrapper.application; includeInIndex = 0; path = ios_project_template.app; sourceTree = BUILT_PRODUCTS_DIR; };
		542724E424D6A5F8006914CA /* AppDelegate.swift */ = {isa = PBXFileReference; lastKnownFileType = sourcecode.swift; path = AppDelegate.swift; sourceTree = "<group>"; };
		542724E624D6A5F8006914CA /* SceneDelegate.swift */ = {isa = PBXFileReference; lastKnownFileType = sourcecode.swift; path = SceneDelegate.swift; sourceTree = "<group>"; };
		542724E824D6A5F8006914CA /* ContentView.swift */ = {isa = PBXFileReference; lastKnownFileType = sourcecode.swift; path = ContentView.swift; sourceTree = "<group>"; };
		542724EA24D6A5F9006914CA /* Assets.xcassets */ = {isa = PBXFileReference; lastKnownFileType = folder.assetcatalog; path = Assets.xcassets; sourceTree = "<group>"; };
		542724ED24D6A5F9006914CA /* Preview Assets.xcassets */ = {isa = PBXFileReference; lastKnownFileType = folder.assetcatalog; path = "Preview Assets.xcassets"; sourceTree = "<group>"; };
		542724F024D6A5F9006914CA /* Base */ = {isa = PBXFileReference; lastKnownFileType = file.storyboard; name = Base; path = Base.lproj/LaunchScreen.storyboard; sourceTree = "<group>"; };
		542724F224D6A5F9006914CA /* Info.plist */ = {isa = PBXFileReference; lastKnownFileType = text.plist.xml; path = Info.plist; sourceTree = "<group>"; };
		542724F724D6A5FA006914CA /* ios_project_templateTests.xctest */ = {isa = PBXFileReference; explicitFileType = wrapper.cfbundle; includeInIndex = 0; path = ios_project_templateTests.xctest; sourceTree = BUILT_PRODUCTS_DIR; };
		542724FB24D6A5FA006914CA /* ios_project_templateTests.swift */ = {isa = PBXFileReference; lastKnownFileType = sourcecode.swift; path = ios_project_templateTests.swift; sourceTree = "<group>"; };
		542724FD24D6A5FA006914CA /* Info.plist */ = {isa = PBXFileReference; lastKnownFileType = text.plist.xml; path = Info.plist; sourceTree = "<group>"; };
/* End PBXFileReference section */

/* Begin PBXFrameworksBuildPhase section */
		542724DE24D6A5F8006914CA /* Frameworks */ = {
			isa = PBXFrameworksBuildPhase;
			buildActionMask = 2147483647;
			files = (
			);
			runOnlyForDeploymentPostprocessing = 0;
		};
		542724F424D6A5FA006914CA /* Frameworks */ = {
			isa = PBXFrameworksBuildPhase;
			buildActionMask = 2147483647;
			files = (
			);
			runOnlyForDeploymentPostprocessing = 0;
		};
/* End PBXFrameworksBuildPhase section */

/* Begin PBXGroup section */
		542724D824D6A5F8006914CA = {
			isa = PBXGroup;
			children = (
				542724E324D6A5F8006914CA /* ios_project_template */,
				542724FA24D6A5FA006914CA /* ios_project_templateTests */,
				542724E224D6A5F8006914CA /* Products */,
			);
			sourceTree = "<group>";
		};
		542724E224D6A5F8006914CA /* Products */ = {
			isa = PBXGroup;
			children = (
				542724E124D6A5F8006914CA /* ios_project_template.app */,
				542724F724D6A5FA006914CA /* ios_project_templateTests.xctest */,
			);
			name = Products;
			sourceTree = "<group>";
		};
		542724E324D6A5F8006914CA /* ios_project_template */ = {
			isa = PBXGroup;
			children = (
				542724E424D6A5F8006914CA /* AppDelegate.swift */,
				542724E624D6A5F8006914CA /* SceneDelegate.swift */,
				542724E824D6A5F8006914CA /* ContentView.swift */,
				542724EA24D6A5F9006914CA /* Assets.xcassets */,
				542724EF24D6A5F9006914CA /* LaunchScreen.storyboard */,
				542724F224D6A5F9006914CA /* Info.plist */,
				542724EC24D6A5F9006914CA /* Preview Content */,
			);
			path = ios_project_template;
			sourceTree = "<group>";
		};
		542724EC24D6A5F9006914CA /* Preview Content */ = {
			isa = PBXGroup;
			children = (
				542724ED24D6A5F9006914CA /* Preview Assets.xcassets */,
			);
			path = "Preview Content";
			sourceTree = "<group>";
		};
		542724FA24D6A5FA006914CA /* ios_project_templateTests */ = {
			isa = PBXGroup;
			children = (
				542724FB24D6A5FA006914CA /* ios_project_templateTests.swift */,
				542724FD24D6A5FA006914CA /* Info.plist */,
			);
			path = ios_project_templateTests;
			sourceTree = "<group>";
		};
/* End PBXGroup section */

/* Begin PBXNativeTarget section */
		542724E024D6A5F8006914CA /* ios_project_template */ = {
			isa = PBXNativeTarget;
			buildConfigurationList = 5427250024D6A5FA006914CA /* Build configuration list for PBXNativeTarget "ios_project_template" */;
			buildPhases = (
				542724DD24D6A5F8006914CA /* Sources */,
				542724DE24D6A5F8006914CA /* Frameworks */,
				542724DF24D6A5F8006914CA /* Resources */,
			);
			buildRules = (
			);
			dependencies = (
			);
			name = ios_project_template;
			productName = ios_project_template;
			productReference = 542724E124D6A5F8006914CA /* ios_project_template.app */;
			productType = "com.apple.product-type.application";
		};
		542724F624D6A5FA006914CA /* ios_project_templateTests */ = {
			isa = PBXNativeTarget;
			buildConfigurationList = 5427250324D6A5FA006914CA /* Build configuration list for PBXNativeTarget "ios_project_templateTests" */;
			buildPhases = (
				542724F324D6A5FA006914CA /* Sources */,
				542724F424D6A5FA006914CA /* Frameworks */,
				542724F524D6A5FA006914CA /* Resources */,
			);
			buildRules = (
			);
			dependencies = (
				542724F924D6A5FA006914CA /* PBXTargetDependency */,
			);
			name = ios_project_templateTests;
			productName = ios_project_templateTests;
			productReference = 542724F724D6A5FA006914CA /* ios_project_templateTests.xctest */;
			productType = "com.apple.product-type.bundle.unit-test";
		};
/* End PBXNativeTarget section */

/* Begin PBXProject section */
		542724D924D6A5F8006914CA /* Project object */ = {
			isa = PBXProject;
			attributes = {
				LastSwiftUpdateCheck = 1150;
				LastUpgradeCheck = 1150;
				ORGANIZATIONNAME = mothule;
				TargetAttributes = {
					542724E024D6A5F8006914CA = {
						CreatedOnToolsVersion = 11.5;
					};
					542724F624D6A5FA006914CA = {
						CreatedOnToolsVersion = 11.5;
						TestTargetID = 542724E024D6A5F8006914CA;
					};
				};
			};
			buildConfigurationList = 542724DC24D6A5F8006914CA /* Build configuration list for PBXProject "ios_project_template" */;
			compatibilityVersion = "Xcode 9.3";
			developmentRegion = en;
			hasScannedForEncodings = 0;
			knownRegions = (
				en,
				Base,
			);
			mainGroup = 542724D824D6A5F8006914CA;
			productRefGroup = 542724E224D6A5F8006914CA /* Products */;
			projectDirPath = "";
			projectRoot = "";
			targets = (
				542724E024D6A5F8006914CA /* ios_project_template */,
				542724F624D6A5FA006914CA /* ios_project_templateTests */,
			);
		};
/* End PBXProject section */

/* Begin PBXResourcesBuildPhase section */
		542724DF24D6A5F8006914CA /* Resources */ = {
			isa = PBXResourcesBuildPhase;
			buildActionMask = 2147483647;
			files = (
				542724F124D6A5F9006914CA /* LaunchScreen.storyboard in Resources */,
				542724EE24D6A5F9006914CA /* Preview Assets.xcassets in Resources */,
				542724EB24D6A5F9006914CA /* Assets.xcassets in Resources */,
			);
			runOnlyForDeploymentPostprocessing = 0;
		};
		542724F524D6A5FA006914CA /* Resources */ = {
			isa = PBXResourcesBuildPhase;
			buildActionMask = 2147483647;
			files = (
			);
			runOnlyForDeploymentPostprocessing = 0;
		};
/* End PBXResourcesBuildPhase section */

/* Begin PBXSourcesBuildPhase section */
		542724DD24D6A5F8006914CA /* Sources */ = {
			isa = PBXSourcesBuildPhase;
			buildActionMask = 2147483647;
			files = (
				542724E524D6A5F8006914CA /* AppDelegate.swift in Sources */,
				542724E724D6A5F8006914CA /* SceneDelegate.swift in Sources */,
				542724E924D6A5F8006914CA /* ContentView.swift in Sources */,
			);
			runOnlyForDeploymentPostprocessing = 0;
		};
		542724F324D6A5FA006914CA /* Sources */ = {
			isa = PBXSourcesBuildPhase;
			buildActionMask = 2147483647;
			files = (
				542724FC24D6A5FA006914CA /* ios_project_templateTests.swift in Sources */,
			);
			runOnlyForDeploymentPostprocessing = 0;
		};
/* End PBXSourcesBuildPhase section */

/* Begin PBXTargetDependency section */
		542724F924D6A5FA006914CA /* PBXTargetDependency */ = {
			isa = PBXTargetDependency;
			target = 542724E024D6A5F8006914CA /* ios_project_template */;
			targetProxy = 542724F824D6A5FA006914CA /* PBXContainerItemProxy */;
		};
/* End PBXTargetDependency section */

/* Begin PBXVariantGroup section */
		542724EF24D6A5F9006914CA /* LaunchScreen.storyboard */ = {
			isa = PBXVariantGroup;
			children = (
				542724F024D6A5F9006914CA /* Base */,
			);
			name = LaunchScreen.storyboard;
			sourceTree = "<group>";
		};
/* End PBXVariantGroup section */

/* Begin XCBuildConfiguration section */
		542724FE24D6A5FA006914CA /* Debug */ = {
			isa = XCBuildConfiguration;
			buildSettings = {
				ALWAYS_SEARCH_USER_PATHS = NO;
				CLANG_ANALYZER_NONNULL = YES;
				CLANG_ANALYZER_NUMBER_OBJECT_CONVERSION = YES_AGGRESSIVE;
				CLANG_CXX_LANGUAGE_STANDARD = "gnu++14";
				CLANG_CXX_LIBRARY = "libc++";
				CLANG_ENABLE_MODULES = YES;
				CLANG_ENABLE_OBJC_ARC = YES;
				CLANG_ENABLE_OBJC_WEAK = YES;
				CLANG_WARN_BLOCK_CAPTURE_AUTORELEASING = YES;
				CLANG_WARN_BOOL_CONVERSION = YES;
				CLANG_WARN_COMMA = YES;
				CLANG_WARN_CONSTANT_CONVERSION = YES;
				CLANG_WARN_DEPRECATED_OBJC_IMPLEMENTATIONS = YES;
				CLANG_WARN_DIRECT_OBJC_ISA_USAGE = YES_ERROR;
				CLANG_WARN_DOCUMENTATION_COMMENTS = YES;
				CLANG_WARN_EMPTY_BODY = YES;
				CLANG_WARN_ENUM_CONVERSION = YES;
				CLANG_WARN_INFINITE_RECURSION = YES;
				CLANG_WARN_INT_CONVERSION = YES;
				CLANG_WARN_NON_LITERAL_NULL_CONVERSION = YES;
				CLANG_WARN_OBJC_IMPLICIT_RETAIN_SELF = YES;
				CLANG_WARN_OBJC_LITERAL_CONVERSION = YES;
				CLANG_WARN_OBJC_ROOT_CLASS = YES_ERROR;
				CLANG_WARN_RANGE_LOOP_ANALYSIS = YES;
				CLANG_WARN_STRICT_PROTOTYPES = YES;
				CLANG_WARN_SUSPICIOUS_MOVE = YES;
				CLANG_WARN_UNGUARDED_AVAILABILITY = YES_AGGRESSIVE;
				CLANG_WARN_UNREACHABLE_CODE = YES;
				CLANG_WARN__DUPLICATE_METHOD_MATCH = YES;
				COPY_PHASE_STRIP = NO;
				DEBUG_INFORMATION_FORMAT = dwarf;
				ENABLE_STRICT_OBJC_MSGSEND = YES;
				ENABLE_TESTABILITY = YES;
				GCC_C_LANGUAGE_STANDARD = gnu11;
				GCC_DYNAMIC_NO_PIC = NO;
				GCC_NO_COMMON_BLOCKS = YES;
				GCC_OPTIMIZATION_LEVEL = 0;
				GCC_PREPROCESSOR_DEFINITIONS = (
					"DEBUG=1",
					"$(inherited)",
				);
				GCC_WARN_64_TO_32_BIT_CONVERSION = YES;
				GCC_WARN_ABOUT_RETURN_TYPE = YES_ERROR;
				GCC_WARN_UNDECLARED_SELECTOR = YES;
				GCC_WARN_UNINITIALIZED_AUTOS = YES_AGGRESSIVE;
				GCC_WARN_UNUSED_FUNCTION = YES;
				GCC_WARN_UNUSED_VARIABLE = YES;
				IPHONEOS_DEPLOYMENT_TARGET = 13.5;
				MTL_ENABLE_DEBUG_INFO = INCLUDE_SOURCE;
				MTL_FAST_MATH = YES;
				ONLY_ACTIVE_ARCH = YES;
				SDKROOT = iphoneos;
				SWIFT_ACTIVE_COMPILATION_CONDITIONS = DEBUG;
				SWIFT_OPTIMIZATION_LEVEL = "-Onone";
			};
			name = Debug;
		};
		542724FF24D6A5FA006914CA /* Release */ = {
			isa = XCBuildConfiguration;
			buildSettings = {
				ALWAYS_SEARCH_USER_PATHS = NO;
				CLANG_ANALYZER_NONNULL = YES;
				CLANG_ANALYZER_NUMBER_OBJECT_CONVERSION = YES_AGGRESSIVE;
				CLANG_CXX_LANGUAGE_STANDARD = "gnu++14";
				CLANG_CXX_LIBRARY = "libc++";
				CLANG_ENABLE_MODULES = YES;
				CLANG_ENABLE_OBJC_ARC = YES;
				CLANG_ENABLE_OBJC_WEAK = YES;
				CLANG_WARN_BLOCK_CAPTURE_AUTORELEASING = YES;
				CLANG_WARN_BOOL_CONVERSION = YES;
				CLANG_WARN_COMMA = YES;
				CLANG_WARN_CONSTANT_CONVERSION = YES;
				CLANG_WARN_DEPRECATED_OBJC_IMPLEMENTATIONS = YES;
				CLANG_WARN_DIRECT_OBJC_ISA_USAGE = YES_ERROR;
				CLANG_WARN_DOCUMENTATION_COMMENTS = YES;
				CLANG_WARN_EMPTY_BODY = YES;
				CLANG_WARN_ENUM_CONVERSION = YES;
				CLANG_WARN_INFINITE_RECURSION = YES;
				CLANG_WARN_INT_CONVERSION = YES;
				CLANG_WARN_NON_LITERAL_NULL_CONVERSION = YES;
				CLANG_WARN_OBJC_IMPLICIT_RETAIN_SELF = YES;
				CLANG_WARN_OBJC_LITERAL_CONVERSION = YES;
				CLANG_WARN_OBJC_ROOT_CLASS = YES_ERROR;
				CLANG_WARN_RANGE_LOOP_ANALYSIS = YES;
				CLANG_WARN_STRICT_PROTOTYPES = YES;
				CLANG_WARN_SUSPICIOUS_MOVE = YES;
				CLANG_WARN_UNGUARDED_AVAILABILITY = YES_AGGRESSIVE;
				CLANG_WARN_UNREACHABLE_CODE = YES;
				CLANG_WARN__DUPLICATE_METHOD_MATCH = YES;
				COPY_PHASE_STRIP = NO;
				DEBUG_INFORMATION_FORMAT = "dwarf-with-dsym";
				ENABLE_NS_ASSERTIONS = NO;
				ENABLE_STRICT_OBJC_MSGSEND = YES;
				GCC_C_LANGUAGE_STANDARD = gnu11;
				GCC_NO_COMMON_BLOCKS = YES;
				GCC_WARN_64_TO_32_BIT_CONVERSION = YES;
				GCC_WARN_ABOUT_RETURN_TYPE = YES_ERROR;
				GCC_WARN_UNDECLARED_SELECTOR = YES;
				GCC_WARN_UNINITIALIZED_AUTOS = YES_AGGRESSIVE;
				GCC_WARN_UNUSED_FUNCTION = YES;
				GCC_WARN_UNUSED_VARIABLE = YES;
				IPHONEOS_DEPLOYMENT_TARGET = 13.5;
				MTL_ENABLE_DEBUG_INFO = NO;
				MTL_FAST_MATH = YES;
				SDKROOT = iphoneos;
				SWIFT_COMPILATION_MODE = wholemodule;
				SWIFT_OPTIMIZATION_LEVEL = "-O";
				VALIDATE_PRODUCT = YES;
			};
			name = Release;
		};
		5427250124D6A5FA006914CA /* Debug */ = {
			isa = XCBuildConfiguration;
			buildSettings = {
				ASSETCATALOG_COMPILER_APPICON_NAME = AppIcon;
				CODE_SIGN_STYLE = Automatic;
				DEVELOPMENT_ASSET_PATHS = "\"ios_project_template/Preview Content\"";
				ENABLE_PREVIEWS = YES;
				INFOPLIST_FILE = ios_project_template/Info.plist;
				LD_RUNPATH_SEARCH_PATHS = (
					"$(inherited)",
					"@executable_path/Frameworks",
				);
				PRODUCT_BUNDLE_IDENTIFIER = "jp.mothule.ios-project-template";
				PRODUCT_NAME = "$(TARGET_NAME)";
				SWIFT_VERSION = 5.0;
				TARGETED_DEVICE_FAMILY = "1,2";
			};
			name = Debug;
		};
		5427250224D6A5FA006914CA /* Release */ = {
			isa = XCBuildConfiguration;
			buildSettings = {
				ASSETCATALOG_COMPILER_APPICON_NAME = AppIcon;
				CODE_SIGN_STYLE = Automatic;
				DEVELOPMENT_ASSET_PATHS = "\"ios_project_template/Preview Content\"";
				ENABLE_PREVIEWS = YES;
				INFOPLIST_FILE = ios_project_template/Info.plist;
				LD_RUNPATH_SEARCH_PATHS = (
					"$(inherited)",
					"@executable_path/Frameworks",
				);
				PRODUCT_BUNDLE_IDENTIFIER = "jp.mothule.ios-project-template";
				PRODUCT_NAME = "$(TARGET_NAME)";
				SWIFT_VERSION = 5.0;
				TARGETED_DEVICE_FAMILY = "1,2";
			};
			name = Release;
		};
		5427250424D6A5FA006914CA /* Debug */ = {
			isa = XCBuildConfiguration;
			buildSettings = {
				ALWAYS_EMBED_SWIFT_STANDARD_LIBRARIES = YES;
				BUNDLE_LOADER = "$(TEST_HOST)";
				CODE_SIGN_STYLE = Automatic;
				INFOPLIST_FILE = ios_project_templateTests/Info.plist;
				IPHONEOS_DEPLOYMENT_TARGET = 13.5;
				LD_RUNPATH_SEARCH_PATHS = (
					"$(inherited)",
					"@executable_path/Frameworks",
					"@loader_path/Frameworks",
				);
				PRODUCT_BUNDLE_IDENTIFIER = "jp.mothule.ios-project-templateTests";
				PRODUCT_NAME = "$(TARGET_NAME)";
				SWIFT_VERSION = 5.0;
				TARGETED_DEVICE_FAMILY = "1,2";
				TEST_HOST = "$(BUILT_PRODUCTS_DIR)/ios_project_template.app/ios_project_template";
			};
			name = Debug;
		};
		5427250524D6A5FA006914CA /* Release */ = {
			isa = XCBuildConfiguration;
			buildSettings = {
				ALWAYS_EMBED_SWIFT_STANDARD_LIBRARIES = YES;
				BUNDLE_LOADER = "$(TEST_HOST)";
				CODE_SIGN_STYLE = Automatic;
				INFOPLIST_FILE = ios_project_templateTests/Info.plist;
				IPHONEOS_DEPLOYMENT_TARGET = 13.5;
				LD_RUNPATH_SEARCH_PATHS = (
					"$(inherited)",
					"@executable_path/Frameworks",
					"@loader_path/Frameworks",
				);
				PRODUCT_BUNDLE_IDENTIFIER = "jp.mothule.ios-project-templateTests";
				PRODUCT_NAME = "$(TARGET_NAME)";
				SWIFT_VERSION = 5.0;
				TARGETED_DEVICE_FAMILY = "1,2";
				TEST_HOST = "$(BUILT_PRODUCTS_DIR)/ios_project_template.app/ios_project_template";
			};
			name = Release;
		};
/* End XCBuildConfiguration section */

/* Begin XCConfigurationList section */
		542724DC24D6A5F8006914CA /* Build configuration list for PBXProject "ios_project_template" */ = {
			isa = XCConfigurationList;
			buildConfigurations = (
				542724FE24D6A5FA006914CA /* Debug */,
				542724FF24D6A5FA006914CA /* Release */,
			);
			defaultConfigurationIsVisible = 0;
			defaultConfigurationName = Release;
		};
		5427250024D6A5FA006914CA /* Build configuration list for PBXNativeTarget "ios_project_template" */ = {
			isa = XCConfigurationList;
			buildConfigurations = (
				5427250124D6A5FA006914CA /* Debug */,
				5427250224D6A5FA006914CA /* Release */,
			);
			defaultConfigurationIsVisible = 0;
			defaultConfigurationName = Release;
		};
		5427250324D6A5FA006914CA /* Build configuration list for PBXNativeTarget "ios_project_templateTests" */ = {
			isa = XCConfigurationList;
			buildConfigurations = (
				5427250424D6A5FA006914CA /* Debug */,
				5427250524D6A5FA006914CA /* Release */,
			);
			defaultConfigurationIsVisible = 0;
			defaultConfigurationName = Release;
		};
/* End XCConfigurationList section */
	};
	rootObject = 542724D924D6A5F8006914CA /* Project object */;
}
